{
  "requires": true,
  "lockfileVersion": 1,
  "dependencies": {
    "react-multi-carousel": {
      "version": "2.4.2",
      "resolved": "https://registry.npmjs.org/react-multi-carousel/-/react-multi-carousel-2.4.2.tgz",
      "integrity": "sha512-Kntbn42/ADMoF6dn9mKz1z9Kt2yp6FIseXmLEbwQ7H+GbD3WWmE6HQlIblYyrBO8EoSLSQr4++fCMKXwpZ/3Ag=="
    }
  }
}
